{
    "_readme": [
        "This file locks the dependencies of your project to a known state",
        "Read more about it at http://getcomposer.org/doc/01-basic-usage.md#composer-lock-the-lock-file",
        "This file is @generated automatically"
    ],
    "hash": "e8e9b93ad297ad054eda885b06bf970a",
    "packages": [
        {
            "name": "hoa/console",
            "version": "2.14.11.26",
            "target-dir": "Hoa/Console",
            "source": {
                "type": "git",
                "url": "https://github.com/hoaproject/Console.git",
                "reference": "5372b666919650745e4a541a12af8f1b084a4200"
            },
            "dist": {
                "type": "zip",
                "url": "https://api.github.com/repos/hoaproject/Console/zipball/5372b666919650745e4a541a12af8f1b084a4200",
                "reference": "5372b666919650745e4a541a12af8f1b084a4200",
                "shasum": ""
            },
            "require": {
                "hoa/core": "~2.0",
                "hoa/stream": "~0.0",
                "hoa/string": "~2.0"
            },
            "require-dev": {
                "hoa/test": "~1.0"
            },
            "suggest": {
                "ext-pcntl": "To enable hoa://Event/Console/Window:resize.",
                "hoa/dispatcher": "To use the console kit.",
                "hoa/router": "To use the console kit."
            },
            "type": "library",
            "extra": {
                "branch-alias": {
                    "dev-master": "2.x-dev"
                }
            },
            "autoload": {
                "psr-0": {
                    "Hoa\\Console": "."
                }
            },
            "notification-url": "https://packagist.org/downloads/",
            "license": [
                "BSD-3-Clause"
            ],
            "authors": [
                {
                    "name": "Ivan Enderlin",
                    "email": "ivan.enderlin@hoa-project.net"
                },
                {
                    "name": "Hoa community",
                    "homepage": "http://hoa-project.net/"
                }
            ],
            "description": "The Hoa\\Console library.",
            "homepage": "http://hoa-project.net/",
            "keywords": [
                "autocompletion",
                "chrome",
                "cli",
                "console",
                "cursor",
                "getoption",
                "library",
                "option",
                "parser",
                "processus",
                "readline",
                "terminfo",
                "tput",
                "window"
            ],
            "time": "2014-11-25 13:15:31"
        },
        {
            "name": "hoa/core",
            "version": "2.14.11.26",
            "target-dir": "Hoa/Core",
            "source": {
                "type": "git",
                "url": "https://github.com/hoaproject/Core.git",
                "reference": "c7669b30141dd95f8639540715dd47cb6595221e"
            },
            "dist": {
                "type": "zip",
                "url": "https://api.github.com/repos/hoaproject/Core/zipball/c7669b30141dd95f8639540715dd47cb6595221e",
                "reference": "c7669b30141dd95f8639540715dd47cb6595221e",
                "shasum": ""
            },
            "require": {
                "ext-spl": "*",
                "php": ">=5.4.0"
            },
            "require-dev": {
                "hoa/test": "~1.0"
            },
            "suggest": {
                "ext-mbstring": "ext/mbstring must be present (or a third implementation).",
                "hoa/console": "To use the `hoa` script.",
                "hoa/dispatcher": "To use the `hoa` script.",
                "hoa/router": "To use the `hoa` script."
            },
            "bin": [
                "Bin/hoa"
            ],
            "type": "library",
            "extra": {
                "branch-alias": {
                    "dev-master": "2.x-dev"
                }
            },
            "autoload": {
                "psr-0": {
                    "Hoa\\Core": "."
                },
                "files": [
                    "Core.php"
                ]
            },
            "notification-url": "https://packagist.org/downloads/",
            "license": [
                "BSD-3-Clause"
            ],
            "authors": [
                {
                    "name": "Ivan Enderlin",
                    "email": "ivan.enderlin@hoa-project.net"
                },
                {
                    "name": "Hoa community",
                    "homepage": "http://hoa-project.net/"
                }
            ],
            "description": "The Hoa\\Core library.",
            "homepage": "http://hoa-project.net/",
            "keywords": [
                "consistency",
                "core",
                "data",
                "event",
                "library",
                "listener",
                "parameter",
                "protocol"
            ],
            "time": "2014-11-25 12:49:44"
        },
        {
            "name": "hoa/router",
            "version": "2.14.11.09",
            "target-dir": "Hoa/Router",
            "source": {
                "type": "git",
                "url": "https://github.com/hoaproject/Router.git",
                "reference": "619be64ee270b96acd790d81ef09d33eb8599874"
            },
            "dist": {
                "type": "zip",
                "url": "https://api.github.com/repos/hoaproject/Router/zipball/619be64ee270b96acd790d81ef09d33eb8599874",
                "reference": "619be64ee270b96acd790d81ef09d33eb8599874",
                "shasum": ""
            },
            "require": {
                "hoa/core": "~2.0"
            },
            "type": "library",
            "extra": {
                "branch-alias": {
                    "dev-master": "2.x-dev"
                }
            },
            "autoload": {
                "psr-0": {
                    "Hoa\\Router": "."
                }
            },
            "notification-url": "https://packagist.org/downloads/",
            "license": [
                "BSD-3-Clause"
            ],
            "authors": [
                {
                    "name": "Ivan Enderlin",
                    "email": "ivan.enderlin@hoa-project.net"
                },
                {
                    "name": "Hoa community",
                    "homepage": "http://hoa-project.net/"
                }
            ],
            "description": "The Hoa\\Router library.",
            "homepage": "http://hoa-project.net/",
            "keywords": [
                "cli",
                "http",
                "library",
                "router"
            ],
            "time": "2014-09-26 08:44:17"
        },
        {
            "name": "hoa/stream",
            "version": "0.14.09.23",
            "target-dir": "Hoa/Stream",
            "source": {
                "type": "git",
                "url": "https://github.com/hoaproject/Stream.git",
                "reference": "eaf9bfeb633b8a6bf0fba55e9c035db431024869"
            },
            "dist": {
                "type": "zip",
                "url": "https://api.github.com/repos/hoaproject/Stream/zipball/eaf9bfeb633b8a6bf0fba55e9c035db431024869",
                "reference": "eaf9bfeb633b8a6bf0fba55e9c035db431024869",
                "shasum": ""
            },
            "require": {
                "hoa/core": "~2.0"
            },
            "type": "library",
            "extra": {
                "branch-alias": {
                    "dev-master": "0.x-dev"
                }
            },
            "autoload": {
                "psr-0": {
                    "Hoa\\Stream": "."
                }
            },
            "notification-url": "https://packagist.org/downloads/",
            "license": [
                "BSD-3-Clause"
            ],
            "authors": [
                {
                    "name": "Ivan Enderlin",
                    "email": "ivan.enderlin@hoa-project.net"
                },
                {
                    "name": "Hoa community",
                    "homepage": "http://hoa-project.net/"
                }
            ],
            "description": "The Hoa\\Stream library.",
            "homepage": "http://hoa-project.net/",
            "keywords": [
                "Context",
                "bucket",
                "composite",
                "filter",
                "in",
                "library",
                "out",
                "protocol",
                "stream",
                "wrapper"
            ],
            "time": "2014-09-23 09:50:38"
        },
        {
            "name": "hoa/string",
            "version": "2.14.11.09",
            "target-dir": "Hoa/String",
            "source": {
                "type": "git",
                "url": "https://github.com/hoaproject/String.git",
                "reference": "fcf6ab341edeca5ce1c190b3e760252855bf0158"
            },
            "dist": {
                "type": "zip",
                "url": "https://api.github.com/repos/hoaproject/String/zipball/fcf6ab341edeca5ce1c190b3e760252855bf0158",
                "reference": "fcf6ab341edeca5ce1c190b3e760252855bf0158",
                "shasum": ""
            },
            "require": {
                "ext-iconv": "*",
                "hoa/core": "~2.0"
            },
            "suggest": {
                "ext-intl": "To get a better Hoa\\String::toAscii() and Hoa\\String::compareTo()."
            },
            "type": "library",
            "extra": {
                "branch-alias": {
                    "dev-master": "2.x-dev"
                }
            },
            "autoload": {
                "psr-0": {
                    "Hoa\\String": "."
                }
            },
            "notification-url": "https://packagist.org/downloads/",
            "license": [
                "BSD-3-Clause"
            ],
            "authors": [
                {
                    "name": "Ivan Enderlin",
                    "email": "ivan.enderlin@hoa-project.net"
                },
                {
                    "name": "Hoa community",
                    "homepage": "http://hoa-project.net/"
                }
            ],
            "description": "The Hoa\\String library.",
            "homepage": "http://hoa-project.net/",
            "keywords": [
                "library",
                "search",
                "string",
                "unicode"
            ],
            "time": "2014-10-05 13:09:31"
        }
    ],
    "packages-dev": [
        {
            "name": "atoum/atoum",
            "version": "1.0.0",
            "source": {
                "type": "git",
                "url": "https://github.com/atoum/atoum.git",
                "reference": "bd1b0a525f5e5d3e2f21ca76a48c6b50946fc9b0"
            },
            "dist": {
                "type": "zip",
                "url": "https://api.github.com/repos/atoum/atoum/zipball/bd1b0a525f5e5d3e2f21ca76a48c6b50946fc9b0",
                "reference": "bd1b0a525f5e5d3e2f21ca76a48c6b50946fc9b0",
                "shasum": ""
            },
            "require": {
                "ext-hash": "*",
                "ext-json": "*",
                "ext-session": "*",
                "ext-tokenizer": "*",
                "ext-xml": "*",
                "php": ">=5.3.3"
            },
            "replace": {
                "mageekguy/atoum": "*"
            },
            "suggest": {
                "ext-mbstring": "Provides support for UTF-8 strings"
            },
            "bin": [
                "bin/atoum"
            ],
            "type": "library",
            "autoload": {
                "classmap": [
                    "classes/"
                ]
            },
            "notification-url": "https://packagist.org/downloads/",
            "license": [
                "BSD"
            ],
            "authors": [
                {
                    "name": "Frédéric Hardy",
                    "email": "frederic.hardy@atoum.org",
                    "homepage": "http://blog.mageekbox.net"
                },
                {
                    "name": "François Dussert",
                    "email": "francois.dussert@atoum.org"
                },
                {
                    "name": "Gérald Croes",
                    "email": "gerald.croes@atoum.org"
                },
                {
                    "name": "Julien Bianchi",
                    "email": "julien.bianchi@atoum.org"
                },
                {
                    "name": "Ludovic Fleury",
                    "email": "ludovic.fleury@atoum.org"
                }
            ],
            "description": "Simple modern and intuitive unit testing framework for PHP 5.3+",
            "homepage": "http://www.atoum.org",
            "keywords": [
                "TDD",
                "atoum",
                "test",
                "unit testing"
            ],
            "time": "2014-12-01 09:14:19"
        },
        {
            "name": "atoum/praspel-extension",
            "version": "0.14.12.01",
            "source": {
                "type": "git",
                "url": "https://github.com/hoaproject/Contributions-Atoum-PraspelExtension.git",
                "reference": "b54c6179cb737a10083c5afdecb46ce2f141830d"
            },
            "dist": {
                "type": "zip",
                "url": "https://api.github.com/repos/hoaproject/Contributions-Atoum-PraspelExtension/zipball/b54c6179cb737a10083c5afdecb46ce2f141830d",
                "reference": "b54c6179cb737a10083c5afdecb46ce2f141830d",
                "shasum": ""
            },
            "require": {
                "atoum/atoum": "~1.0",
                "hoa/console": "~2.0",
                "hoa/core": "~2.0",
                "hoa/dispatcher": "~0.0",
                "hoa/iterator": "~1.0",
                "hoa/math": "~0.0",
                "hoa/praspel": "~0.0",
                "hoa/realdom": "~0.0",
                "hoa/router": "~2.0",
                "hoa/visitor": "~1.0"
            },
            "bin": [
                "Bin/praspel"
            ],
            "type": "library",
            "autoload": {
                "psr-0": {
                    "Atoum\\PraspelExtension": "."
                }
            },
            "notification-url": "https://packagist.org/downloads/",
            "license": [
                "BSD-3-Clause"
            ],
            "authors": [
                {
                    "name": "Ivan Enderlin",
                    "email": "ivan.enderlin@hoa-project.net"
                },
                {
                    "name": "Hoa community",
                    "homepage": "http://hoa-project.net/"
                }
            ],
            "description": "Include Praspel inside atoum.",
            "homepage": "http://hoa-project.net/",
            "keywords": [
                "assertion",
                "atoum",
                "checker",
                "contract",
                "data",
                "generation",
                "library",
                "praspel",
                "specification",
                "test"
            ],
            "time": "2014-12-01 08:28:39"
        },
        {
            "name": "hoa/compiler",
            "version": "2.14.11.26",
            "target-dir": "Hoa/Compiler",
            "source": {
                "type": "git",
                "url": "https://github.com/hoaproject/Compiler.git",
                "reference": "08b97266328b401c6069366b9e4e1623a6747b59"
            },
            "dist": {
                "type": "zip",
                "url": "https://api.github.com/repos/hoaproject/Compiler/zipball/08b97266328b401c6069366b9e4e1623a6747b59",
                "reference": "08b97266328b401c6069366b9e4e1623a6747b59",
                "shasum": ""
            },
            "require": {
                "hoa/core": "~2.0",
                "hoa/file": "~0.0",
                "hoa/iterator": "~1.0",
                "hoa/math": "~0.0",
                "hoa/regex": "~0.0",
                "hoa/visitor": "~1.0"
            },
            "require-dev": {
                "hoa/json": "~1.0",
                "hoa/test": "~1.0"
            },
            "type": "library",
            "extra": {
                "branch-alias": {
                    "dev-master": "2.x-dev"
                }
            },
            "autoload": {
                "psr-0": {
                    "Hoa\\Compiler": "."
                }
            },
            "notification-url": "https://packagist.org/downloads/",
            "license": [
                "BSD-3-Clause"
            ],
            "authors": [
                {
                    "name": "Ivan Enderlin",
                    "email": "ivan.enderlin@hoa-project.net"
                },
                {
                    "name": "Hoa community",
                    "homepage": "http://hoa-project.net/"
                }
            ],
            "description": "The Hoa\\Compiler library.",
            "homepage": "http://hoa-project.net/",
            "keywords": [
                "algebraic",
                "ast",
                "compiler",
                "context-free",
                "coverage",
                "exhaustive",
                "grammar",
                "isotropic",
                "language",
                "lexer",
                "library",
                "ll1",
                "llk",
                "parser",
                "pp",
                "random",
                "regular",
                "rule",
                "sampler",
                "syntax",
                "token",
                "trace",
                "uniform"
            ],
            "time": "2014-11-25 22:17:38"
        },
        {
            "name": "hoa/dispatcher",
            "version": "0.14.11.26",
            "target-dir": "Hoa/Dispatcher",
            "source": {
                "type": "git",
                "url": "https://github.com/hoaproject/Dispatcher.git",
                "reference": "4aaf44fadf8dbf3fd0b7261de9926a46a6a326b1"
            },
            "dist": {
                "type": "zip",
                "url": "https://api.github.com/repos/hoaproject/Dispatcher/zipball/4aaf44fadf8dbf3fd0b7261de9926a46a6a326b1",
                "reference": "4aaf44fadf8dbf3fd0b7261de9926a46a6a326b1",
                "shasum": ""
            },
            "require": {
                "hoa/core": "~2.0"
            },
            "require-dev": {
                "hoa/test": "~1.0"
            },
            "suggest": {
                "hoa/router": "Provide routers.",
                "hoa/view": "Provide view interface."
            },
            "type": "library",
            "extra": {
                "branch-alias": {
                    "dev-master": "0.x-dev"
                }
            },
            "autoload": {
                "psr-0": {
                    "Hoa\\Dispatcher": "."
                }
            },
            "notification-url": "https://packagist.org/downloads/",
            "license": [
                "BSD-3-Clause"
            ],
            "authors": [
                {
                    "name": "Ivan Enderlin",
                    "email": "ivan.enderlin@hoa-project.net"
                },
                {
                    "name": "Hoa community",
                    "homepage": "http://hoa-project.net/"
                }
            ],
            "description": "The Hoa\\Dispatcher library.",
            "homepage": "http://hoa-project.net/",
            "keywords": [
                "dispatcher",
                "kit",
                "library"
            ],
            "time": "2014-11-25 13:16:40"
        },
        {
            "name": "hoa/file",
            "version": "0.14.11.26",
            "target-dir": "Hoa/File",
            "source": {
                "type": "git",
                "url": "https://github.com/hoaproject/File.git",
                "reference": "c8065b5930bc0aa04943ac7046f0052f086ff80f"
            },
            "dist": {
                "type": "zip",
                "url": "https://api.github.com/repos/hoaproject/File/zipball/c8065b5930bc0aa04943ac7046f0052f086ff80f",
                "reference": "c8065b5930bc0aa04943ac7046f0052f086ff80f",
                "shasum": ""
            },
            "require": {
                "hoa/core": "~2.0",
                "hoa/iterator": "~1.0",
                "hoa/stream": "~0.0"
            },
            "require-dev": {
                "hoa/test": "~1.0"
            },
            "type": "library",
            "extra": {
                "branch-alias": {
                    "dev-master": "0.x-dev"
                }
            },
            "autoload": {
                "psr-0": {
                    "Hoa\\File": "."
                }
            },
            "notification-url": "https://packagist.org/downloads/",
            "license": [
                "BSD-3-Clause"
            ],
            "authors": [
                {
                    "name": "Ivan Enderlin",
                    "email": "ivan.enderlin@hoa-project.net"
                },
                {
                    "name": "Hoa community",
                    "homepage": "http://hoa-project.net/"
                }
            ],
            "description": "The Hoa\\File library.",
            "homepage": "http://hoa-project.net/",
            "keywords": [
                "Socket",
                "directory",
                "file",
                "finder",
                "library",
                "link",
                "temporary"
            ],
            "time": "2014-11-25 13:08:32"
        },
        {
            "name": "hoa/iterator",
            "version": "1.14.11.26",
            "target-dir": "Hoa/Iterator",
            "source": {
                "type": "git",
                "url": "https://github.com/hoaproject/Iterator.git",
                "reference": "735bbe7d1be55bdbb4dc25fa70f8dd983659b61d"
            },
            "dist": {
                "type": "zip",
                "url": "https://api.github.com/repos/hoaproject/Iterator/zipball/735bbe7d1be55bdbb4dc25fa70f8dd983659b61d",
                "reference": "735bbe7d1be55bdbb4dc25fa70f8dd983659b61d",
                "shasum": ""
            },
            "require": {
                "hoa/core": "~2.0"
            },
            "require-dev": {
                "hoa/test": "~1.0"
            },
            "type": "library",
            "extra": {
                "branch-alias": {
                    "dev-master": "1.x-dev"
                }
            },
            "autoload": {
                "psr-0": {
                    "Hoa\\Iterator": "."
                }
            },
            "notification-url": "https://packagist.org/downloads/",
            "license": [
                "BSD-3-Clause"
            ],
            "authors": [
                {
                    "name": "Ivan Enderlin",
                    "email": "ivan.enderlin@hoa-project.net"
                },
                {
                    "name": "Hoa community",
                    "homepage": "http://hoa-project.net/"
                }
            ],
            "description": "The Hoa\\Iterator library.",
            "homepage": "http://hoa-project.net/",
            "keywords": [
                "iterator",
                "library"
            ],
            "time": "2014-11-24 14:37:30"
        },
        {
            "name": "hoa/math",
            "version": "0.14.11.09",
            "target-dir": "Hoa/Math",
            "source": {
                "type": "git",
                "url": "https://github.com/hoaproject/Math.git",
                "reference": "70da9b112a58cc8216065141ceeeae5375e06286"
            },
            "dist": {
                "type": "zip",
                "url": "https://api.github.com/repos/hoaproject/Math/zipball/70da9b112a58cc8216065141ceeeae5375e06286",
                "reference": "70da9b112a58cc8216065141ceeeae5375e06286",
                "shasum": ""
            },
            "require": {
                "hoa/compiler": "~2.0",
                "hoa/core": "~2.0",
                "hoa/iterator": "~1.0"
            },
            "type": "library",
            "extra": {
                "branch-alias": {
                    "dev-master": "0.x-dev"
                }
            },
            "autoload": {
                "psr-0": {
                    "Hoa\\Math": "."
                }
            },
            "notification-url": "https://packagist.org/downloads/",
            "license": [
                "BSD-3-Clause"
            ],
            "authors": [
                {
                    "name": "Ivan Enderlin",
                    "email": "ivan.enderlin@hoa-project.net"
                },
                {
                    "name": "Hoa community",
                    "homepage": "http://hoa-project.net/"
                }
            ],
            "description": "The Hoa\\Math library.",
            "homepage": "http://hoa-project.net/",
            "keywords": [
                "arrangement",
                "combination",
                "combinatorics",
                "counting",
                "library",
                "math",
                "permutation",
                "sampler",
                "set"
            ],
            "time": "2014-11-09 10:03:54"
        },
        {
            "name": "hoa/praspel",
            "version": "0.14.11.25",
            "target-dir": "Hoa/Praspel",
            "source": {
                "type": "git",
                "url": "https://github.com/hoaproject/Praspel.git",
                "reference": "afe3060c02e3963a3d455d01065b7544d39fa348"
            },
            "dist": {
                "type": "zip",
                "url": "https://api.github.com/repos/hoaproject/Praspel/zipball/afe3060c02e3963a3d455d01065b7544d39fa348",
                "reference": "afe3060c02e3963a3d455d01065b7544d39fa348",
                "shasum": ""
            },
            "require": {
                "hoa/compiler": "~2.0",
                "hoa/core": "~2.0",
                "hoa/file": "~0.0",
                "hoa/iterator": "~1.0",
                "hoa/realdom": "~0.0",
                "hoa/string": "~2.0",
                "hoa/visitor": "~1.0"
            },
            "require-dev": {
                "hoa/math": "~0.0"
            },
            "type": "library",
            "extra": {
                "branch-alias": {
                    "dev-master": "0.x-dev"
                }
            },
            "autoload": {
                "psr-0": {
                    "Hoa\\Praspel": "."
                }
            },
            "notification-url": "https://packagist.org/downloads/",
            "license": [
                "BSD-3-Clause"
            ],
            "authors": [
                {
                    "name": "Ivan Enderlin",
                    "email": "ivan.enderlin@hoa-project.net"
                },
                {
                    "name": "Hoa community",
                    "homepage": "http://hoa-project.net/"
                }
            ],
            "description": "The Hoa\\Praspel library.",
            "homepage": "http://hoa-project.net/",
            "keywords": [
                "contract",
                "generation",
                "invariant",
                "library",
                "postcondition",
                "praspel",
                "precondition",
                "specification",
                "test",
                "validation"
            ],
            "time": "2014-11-15 21:22:01"
        },
        {
            "name": "hoa/realdom",
            "version": "0.14.11.25",
            "target-dir": "Hoa/Realdom",
            "source": {
                "type": "git",
                "url": "https://github.com/hoaproject/Realdom.git",
                "reference": "bf250b262d1b727398deaa2e669294b6711c6a83"
            },
            "dist": {
                "type": "zip",
                "url": "https://api.github.com/repos/hoaproject/Realdom/zipball/bf250b262d1b727398deaa2e669294b6711c6a83",
                "reference": "bf250b262d1b727398deaa2e669294b6711c6a83",
                "shasum": ""
            },
            "require": {
                "hoa/compiler": "~2.0",
                "hoa/core": "~2.0",
                "hoa/file": "~0.0",
                "hoa/iterator": "~1.0",
                "hoa/math": "~0.0",
                "hoa/praspel": "~0.0",
                "hoa/regex": "~0.0",
                "hoa/string": "~2.0",
                "hoa/visitor": "~1.0"
            },
            "type": "library",
            "extra": {
                "branch-alias": {
                    "dev-master": "0.x-dev"
                }
            },
            "autoload": {
                "psr-0": {
                    "Hoa\\Realdom": "."
                }
            },
            "notification-url": "https://packagist.org/downloads/",
            "license": [
                "BSD-3-Clause"
            ],
            "authors": [
                {
                    "name": "Ivan Enderlin",
                    "email": "ivan.enderlin@hoa-project.net"
                },
                {
                    "name": "Hoa community",
                    "homepage": "http://hoa-project.net/"
                }
            ],
            "description": "The Hoa\\Realdom library.",
            "homepage": "http://hoa-project.net/",
            "keywords": [
                "domain",
                "generation",
                "library",
                "praspel",
                "realdom",
                "realistic",
                "specification",
                "test",
                "validation"
            ],
            "time": "2014-11-15 21:25:21"
        },
        {
            "name": "hoa/regex",
            "version": "0.14.11.25",
            "target-dir": "Hoa/Regex",
            "source": {
                "type": "git",
                "url": "https://github.com/hoaproject/Regex.git",
                "reference": "cb17390d6e50430df12a2755e998f7117edfc9ed"
            },
            "dist": {
                "type": "zip",
                "url": "https://api.github.com/repos/hoaproject/Regex/zipball/cb17390d6e50430df12a2755e998f7117edfc9ed",
                "reference": "cb17390d6e50430df12a2755e998f7117edfc9ed",
                "shasum": ""
            },
            "require": {
                "hoa/core": "~2.0",
                "hoa/math": "~0.0",
                "hoa/string": "~2.0",
                "hoa/visitor": "~1.0"
            },
            "type": "library",
            "extra": {
                "branch-alias": {
                    "dev-master": "0.x-dev"
                }
            },
            "autoload": {
                "psr-0": {
                    "Hoa\\Regex": "."
                }
            },
            "notification-url": "https://packagist.org/downloads/",
            "license": [
                "BSD-3-Clause"
            ],
            "authors": [
                {
                    "name": "Ivan Enderlin",
                    "email": "ivan.enderlin@hoa-project.net"
                },
                {
                    "name": "Hoa community",
                    "homepage": "http://hoa-project.net/"
                }
            ],
            "description": "The Hoa\\Regex library.",
            "homepage": "http://hoa-project.net/",
            "keywords": [
                "compiler",
                "library",
                "regex"
            ],
            "time": "2014-11-15 21:23:45"
        },
        {
            "name": "hoa/visitor",
            "version": "1.14.11.15",
            "target-dir": "Hoa/Visitor",
            "source": {
                "type": "git",
                "url": "https://github.com/hoaproject/Visitor.git",
                "reference": "547d053de9367ef9ed3446caff561675f934a99c"
            },
            "dist": {
                "type": "zip",
                "url": "https://api.github.com/repos/hoaproject/Visitor/zipball/547d053de9367ef9ed3446caff561675f934a99c",
                "reference": "547d053de9367ef9ed3446caff561675f934a99c",
                "shasum": ""
            },
            "require": {
                "hoa/core": "~2.0"
            },
            "type": "library",
            "extra": {
                "branch-alias": {
                    "dev-master": "1.x-dev"
                }
            },
            "autoload": {
                "psr-0": {
                    "Hoa\\Visitor": "."
                }
            },
            "notification-url": "https://packagist.org/downloads/",
            "license": [
                "BSD-3-Clause"
            ],
            "authors": [
                {
                    "name": "Ivan Enderlin",
                    "email": "ivan.enderlin@hoa-project.net"
                },
                {
                    "name": "Hoa community",
                    "homepage": "http://hoa-project.net/"
                }
            ],
            "description": "The Hoa\\Visitor library.",
            "homepage": "http://hoa-project.net/",
            "keywords": [
                "library",
                "structure",
                "visit",
                "visitor"
            ],
            "time": "2014-11-15 21:17:25"
        }
    ],
    "aliases": [],
    "minimum-stability": "stable",
    "stability-flags": [],
    "prefer-stable": false,
    "platform": [],
    "platform-dev": []
}
